// !$*UTF8*$!
{
	archiveVersion = 1;
	classes = {
	};
	objectVersion = 70;
	objects = {

/* Begin PBXAggregateTarget section */
		DA05622C2C6A14A90024083A /* BuildAll */ = {
			isa = PBXAggregateTarget;
			buildConfigurationList = DA05622D2C6A14A90024083A /* Build configuration list for PBXAggregateTarget "BuildAll" */;
			buildPhases = (
			);
			dependencies = (
				DA0562312C6A14B10024083A /* PBXTargetDependency */,
				DA0562332C6A14B10024083A /* PBXTargetDependency */,
			);
			name = BuildAll;
			packageProductDependencies = (
			);
			productName = BuildAll;
		};
/* End PBXAggregateTarget section */

/* Begin PBXBuildFile section */
		DA0562112C69DF000024083A /* SUCeritifcate.m in Sources */ = {isa = PBXBuildFile; fileRef = DA0562102C69DF000024083A /* SUCeritifcate.m */; };
		DA0562142C69EB190024083A /* SUKeychain.m in Sources */ = {isa = PBXBuildFile; fileRef = DA0562132C69EB190024083A /* SUKeychain.m */; };
		DA0562172C69F3670024083A /* AUAuthorization.m in Sources */ = {isa = PBXBuildFile; fileRef = DA0562162C69F3670024083A /* AUAuthorization.m */; };
		DA05622B2C6A14940024083A /* SUCeritifcate.m in Sources */ = {isa = PBXBuildFile; fileRef = DA0562102C69DF000024083A /* SUCeritifcate.m */; };
		DA0562342C6A17550024083A /* SUKeychain.m in Sources */ = {isa = PBXBuildFile; fileRef = DA0562132C69EB190024083A /* SUKeychain.m */; };
		DACA46E62C637DDF0005B1EB /* createTrustAdminUser.sh in CopyFiles */ = {isa = PBXBuildFile; fileRef = DACA46E42C637AF80005B1EB /* createTrustAdminUser.sh */; };
		DACA46E72C637DDF0005B1EB /* deleteTrustAdminUser.sh in CopyFiles */ = {isa = PBXBuildFile; fileRef = DACA46E52C637AF80005B1EB /* deleteTrustAdminUser.sh */; };
		DAEB691B2C62448A004B2265 /* main.m in Sources */ = {isa = PBXBuildFile; fileRef = DAEB69192C62448A004B2265 /* main.m */; };
		DAEB691D2C62478B004B2265 /* testCertificate.der in CopyFiles */ = {isa = PBXBuildFile; fileRef = DAEB691C2C624760004B2265 /* testCertificate.der */; };
/* End PBXBuildFile section */

/* Begin PBXContainerItemProxy section */
		DA0562302C6A14B10024083A /* PBXContainerItemProxy */ = {
			isa = PBXContainerItemProxy;
			containerPortal = DAEBCAE52C610F2F004B2265 /* Project object */;
			proxyType = 1;
			remoteGlobalIDString = DAEBCAEC2C610F2F004B2265;
			remoteInfo = certificateUtility;
		};
		DA0562322C6A14B10024083A /* PBXContainerItemProxy */ = {
			isa = PBXContainerItemProxy;
			containerPortal = DAEBCAE52C610F2F004B2265 /* Project object */;
			proxyType = 1;
			remoteGlobalIDString = DA0562232C6A12820024083A;
			remoteInfo = keychainInfo;
		};
/* End PBXContainerItemProxy section */

/* Begin PBXCopyFilesBuildPhase section */
		DA0562222C6A12820024083A /* CopyFiles */ = {
			isa = PBXCopyFilesBuildPhase;
			buildActionMask = 2147483647;
			dstPath = /usr/share/man/man1/;
			dstSubfolderSpec = 0;
			files = (
			);
			runOnlyForDeploymentPostprocessing = 1;
		};
		DAEBCAEB2C610F2F004B2265 /* CopyFiles */ = {
			isa = PBXCopyFilesBuildPhase;
			buildActionMask = 12;
			dstPath = "";
			dstSubfolderSpec = 16;
			files = (
				DACA46E62C637DDF0005B1EB /* createTrustAdminUser.sh in CopyFiles */,
				DACA46E72C637DDF0005B1EB /* deleteTrustAdminUser.sh in CopyFiles */,
				DAEB691D2C62478B004B2265 /* testCertificate.der in CopyFiles */,
			);
			runOnlyForDeploymentPostprocessing = 0;
		};
/* End PBXCopyFilesBuildPhase section */

/* Begin PBXFileReference section */
		DA05620F2C69DF000024083A /* SUCeritifcate.h */ = {isa = PBXFileReference; lastKnownFileType = sourcecode.c.h; path = SUCeritifcate.h; sourceTree = "<group>"; };
		DA0562102C69DF000024083A /* SUCeritifcate.m */ = {isa = PBXFileReference; lastKnownFileType = sourcecode.c.objc; path = SUCeritifcate.m; sourceTree = "<group>"; };
		DA0562122C69EB190024083A /* SUKeychain.h */ = {isa = PBXFileReference; lastKnownFileType = sourcecode.c.h; path = SUKeychain.h; sourceTree = "<group>"; };
		DA0562132C69EB190024083A /* SUKeychain.m */ = {isa = PBXFileReference; lastKnownFileType = sourcecode.c.objc; path = SUKeychain.m; sourceTree = "<group>"; };
		DA0562152C69F3670024083A /* AUAuthorization.h */ = {isa = PBXFileReference; lastKnownFileType = sourcecode.c.h; path = AUAuthorization.h; sourceTree = "<group>"; };
		DA0562162C69F3670024083A /* AUAuthorization.m */ = {isa = PBXFileReference; lastKnownFileType = sourcecode.c.objc; path = AUAuthorization.m; sourceTree = "<group>"; };
		DA0562242C6A12820024083A /* keychainInfo */ = {isa = PBXFileReference; explicitFileType = "compiled.mach-o.executable"; includeInIndex = 0; path = keychainInfo; sourceTree = BUILT_PRODUCTS_DIR; };
		DACA46E42C637AF80005B1EB /* createTrustAdminUser.sh */ = {isa = PBXFileReference; lastKnownFileType = text.script.sh; path = createTrustAdminUser.sh; sourceTree = "<group>"; };
		DACA46E52C637AF80005B1EB /* deleteTrustAdminUser.sh */ = {isa = PBXFileReference; lastKnownFileType = text.script.sh; path = deleteTrustAdminUser.sh; sourceTree = "<group>"; };
		DACA46E82C64BE5B0005B1EB /* README.md */ = {isa = PBXFileReference; lastKnownFileType = net.daringfireball.markdown; path = README.md; sourceTree = "<group>"; };
		DAEB69192C62448A004B2265 /* main.m */ = {isa = PBXFileReference; lastKnownFileType = sourcecode.c.objc; path = main.m; sourceTree = "<group>"; };
		DAEB691C2C624760004B2265 /* testCertificate.der */ = {isa = PBXFileReference; lastKnownFileType = file; path = testCertificate.der; sourceTree = "<group>"; };
		DAEBCAED2C610F2F004B2265 /* certificateUtility */ = {isa = PBXFileReference; explicitFileType = "compiled.mach-o.executable"; includeInIndex = 0; path = certificateUtility; sourceTree = BUILT_PRODUCTS_DIR; };
/* End PBXFileReference section */

/* Begin PBXFileSystemSynchronizedRootGroup section */
		DA0562252C6A12820024083A /* keychainInfo */ = {isa = PBXFileSystemSynchronizedRootGroup; explicitFileTypes = {}; explicitFolders = (); path = keychainInfo; sourceTree = "<group>"; };
/* End PBXFileSystemSynchronizedRootGroup section */

/* Begin PBXFrameworksBuildPhase section */
		DA0562212C6A12820024083A /* Frameworks */ = {
			isa = PBXFrameworksBuildPhase;
			buildActionMask = 2147483647;
			files = (
			);
			runOnlyForDeploymentPostprocessing = 0;
		};
		DAEBCAEA2C610F2F004B2265 /* Frameworks */ = {
			isa = PBXFrameworksBuildPhase;
			buildActionMask = 2147483647;
			files = (
			);
			runOnlyForDeploymentPostprocessing = 0;
		};
/* End PBXFrameworksBuildPhase section */

/* Begin PBXGroup section */
		DA05620D2C69DE490024083A /* SecurityUtilities */ = {
			isa = PBXGroup;
			children = (
				DA05620F2C69DF000024083A /* SUCeritifcate.h */,
				DA0562102C69DF000024083A /* SUCeritifcate.m */,
				DA0562122C69EB190024083A /* SUKeychain.h */,
				DA0562132C69EB190024083A /* SUKeychain.m */,
			);
			path = SecurityUtilities;
			sourceTree = "<group>";
		};
		DA05620E2C69DE730024083A /* AuthorizationUtilities */ = {
			isa = PBXGroup;
			children = (
				DA0562152C69F3670024083A /* AUAuthorization.h */,
				DA0562162C69F3670024083A /* AUAuthorization.m */,
			);
			path = AuthorizationUtilities;
			sourceTree = "<group>";
		};
		DAEB691A2C62448A004B2265 /* certificateUtility */ = {
			isa = PBXGroup;
			children = (
				DACA46E42C637AF80005B1EB /* createTrustAdminUser.sh */,
				DACA46E52C637AF80005B1EB /* deleteTrustAdminUser.sh */,
				DAEB69192C62448A004B2265 /* main.m */,
			);
			path = certificateUtility;
			sourceTree = "<group>";
		};
		DAEBCAE42C610F2F004B2265 = {
			isa = PBXGroup;
			children = (
				DA05620E2C69DE730024083A /* AuthorizationUtilities */,
				DA05620D2C69DE490024083A /* SecurityUtilities */,
				DACA46E82C64BE5B0005B1EB /* README.md */,
				DAEB691C2C624760004B2265 /* testCertificate.der */,
				DAEB691A2C62448A004B2265 /* certificateUtility */,
				DA0562252C6A12820024083A /* keychainInfo */,
				DAEBCAEE2C610F2F004B2265 /* Products */,
			);
			sourceTree = "<group>";
		};
		DAEBCAEE2C610F2F004B2265 /* Products */ = {
			isa = PBXGroup;
			children = (
				DAEBCAED2C610F2F004B2265 /* certificateUtility */,
				DA0562242C6A12820024083A /* keychainInfo */,
			);
			name = Products;
			sourceTree = "<group>";
		};
/* End PBXGroup section */

/* Begin PBXNativeTarget section */
		DA0562232C6A12820024083A /* keychainInfo */ = {
			isa = PBXNativeTarget;
			buildConfigurationList = DA0562282C6A12820024083A /* Build configuration list for PBXNativeTarget "keychainInfo" */;
			buildPhases = (
				DA0562202C6A12820024083A /* Sources */,
				DA0562212C6A12820024083A /* Frameworks */,
				DA0562222C6A12820024083A /* CopyFiles */,
			);
			buildRules = (
			);
			dependencies = (
			);
			fileSystemSynchronizedGroups = (
				DA0562252C6A12820024083A /* keychainInfo */,
			);
			name = keychainInfo;
			packageProductDependencies = (
			);
			productName = keychainInfo;
			productReference = DA0562242C6A12820024083A /* keychainInfo */;
			productType = "com.apple.product-type.tool";
		};
		DAEBCAEC2C610F2F004B2265 /* certificateUtility */ = {
			isa = PBXNativeTarget;
			buildConfigurationList = DAEBCAF42C610F2F004B2265 /* Build configuration list for PBXNativeTarget "certificateUtility" */;
			buildPhases = (
				DAEBCAE92C610F2F004B2265 /* Sources */,
				DAEBCAEA2C610F2F004B2265 /* Frameworks */,
				DAEBCAEB2C610F2F004B2265 /* CopyFiles */,
			);
			buildRules = (
			);
			dependencies = (
			);
			name = certificateUtility;
			packageProductDependencies = (
			);
			productName = certificateUtility;
			productReference = DAEBCAED2C610F2F004B2265 /* certificateUtility */;
			productType = "com.apple.product-type.tool";
		};
/* End PBXNativeTarget section */

/* Begin PBXProject section */
		DAEBCAE52C610F2F004B2265 /* Project object */ = {
			isa = PBXProject;
			attributes = {
				BuildIndependentTargetsInParallel = 1;
				LastUpgradeCheck = 1600;
				TargetAttributes = {
					DA0562232C6A12820024083A = {
						CreatedOnToolsVersion = 16.0;
					};
					DA05622C2C6A14A90024083A = {
						CreatedOnToolsVersion = 16.0;
					};
					DAEBCAEC2C610F2F004B2265 = {
						CreatedOnToolsVersion = 16.0;
					};
				};
			};
			buildConfigurationList = DAEBCAE82C610F2F004B2265 /* Build configuration list for PBXProject "certificateUtility" */;
			compatibilityVersion = "Xcode 15.0";
			developmentRegion = en;
			hasScannedForEncodings = 0;
			knownRegions = (
				en,
				Base,
			);
			mainGroup = DAEBCAE42C610F2F004B2265;
			productRefGroup = DAEBCAEE2C610F2F004B2265 /* Products */;
			projectDirPath = "";
			projectRoot = "";
			targets = (
				DAEBCAEC2C610F2F004B2265 /* certificateUtility */,
				DA0562232C6A12820024083A /* keychainInfo */,
				DA05622C2C6A14A90024083A /* BuildAll */,
			);
		};
/* End PBXProject section */

/* Begin PBXSourcesBuildPhase section */
		DA0562202C6A12820024083A /* Sources */ = {
			isa = PBXSourcesBuildPhase;
			buildActionMask = 2147483647;
			files = (
				DA0562342C6A17550024083A /* SUKeychain.m in Sources */,
				DA05622B2C6A14940024083A /* SUCeritifcate.m in Sources */,
			);
			runOnlyForDeploymentPostprocessing = 0;
		};
		DAEBCAE92C610F2F004B2265 /* Sources */ = {
			isa = PBXSourcesBuildPhase;
			buildActionMask = 2147483647;
			files = (
				DAEB691B2C62448A004B2265 /* main.m in Sources */,
				DA0562142C69EB190024083A /* SUKeychain.m in Sources */,
				DA0562112C69DF000024083A /* SUCeritifcate.m in Sources */,
				DA0562172C69F3670024083A /* AUAuthorization.m in Sources */,
			);
			runOnlyForDeploymentPostprocessing = 0;
		};
/* End PBXSourcesBuildPhase section */

/* Begin PBXTargetDependency section */
		DA0562312C6A14B10024083A /* PBXTargetDependency */ = {
			isa = PBXTargetDependency;
			target = DAEBCAEC2C610F2F004B2265 /* certificateUtility */;
			targetProxy = DA0562302C6A14B10024083A /* PBXContainerItemProxy */;
		};
		DA0562332C6A14B10024083A /* PBXTargetDependency */ = {
			isa = PBXTargetDependency;
			target = DA0562232C6A12820024083A /* keychainInfo */;
			targetProxy = DA0562322C6A14B10024083A /* PBXContainerItemProxy */;
		};
/* End PBXTargetDependency section */

/* Begin XCBuildConfiguration section */
		DA0562292C6A12820024083A /* Debug */ = {
			isa = XCBuildConfiguration;
			buildSettings = {
				CODE_SIGN_STYLE = Automatic;
				PRODUCT_NAME = "$(TARGET_NAME)";
			};
			name = Debug;
		};
		DA05622A2C6A12820024083A /* Release */ = {
			isa = XCBuildConfiguration;
			buildSettings = {
				CODE_SIGN_STYLE = Automatic;
				PRODUCT_NAME = "$(TARGET_NAME)";
			};
			name = Release;
		};
		DA05622E2C6A14A90024083A /* Debug */ = {
			isa = XCBuildConfiguration;
			buildSettings = {
				CODE_SIGN_STYLE = Automatic;
				PRODUCT_NAME = "$(TARGET_NAME)";
			};
			name = Debug;
		};
		DA05622F2C6A14A90024083A /* Release */ = {
			isa = XCBuildConfiguration;
			buildSettings = {
				CODE_SIGN_STYLE = Automatic;
				PRODUCT_NAME = "$(TARGET_NAME)";
			};
			name = Release;
		};
		DAEBCAF22C610F2F004B2265 /* Debug */ = {
			isa = XCBuildConfiguration;
			buildSettings = {
				ALWAYS_SEARCH_USER_PATHS = NO;
				ASSETCATALOG_COMPILER_GENERATE_SWIFT_ASSET_SYMBOL_EXTENSIONS = YES;
				CLANG_ANALYZER_NONNULL = YES;
				CLANG_ANALYZER_NUMBER_OBJECT_CONVERSION = YES_AGGRESSIVE;
				CLANG_CXX_LANGUAGE_STANDARD = "gnu++20";
				CLANG_ENABLE_MODULES = YES;
				CLANG_ENABLE_OBJC_ARC = YES;
				CLANG_ENABLE_OBJC_WEAK = YES;
				CLANG_WARN_BLOCK_CAPTURE_AUTORELEASING = YES;
				CLANG_WARN_BOOL_CONVERSION = YES;
				CLANG_WARN_COMMA = YES;
				CLANG_WARN_CONSTANT_CONVERSION = YES;
				CLANG_WARN_DEPRECATED_OBJC_IMPLEMENTATIONS = YES;
				CLANG_WARN_DIRECT_OBJC_ISA_USAGE = YES_ERROR;
				CLANG_WARN_DOCUMENTATION_COMMENTS = YES;
				CLANG_WARN_EMPTY_BODY = YES;
				CLANG_WARN_ENUM_CONVERSION = YES;
				CLANG_WARN_INFINITE_RECURSION = YES;
				CLANG_WARN_INT_CONVERSION = YES;
				CLANG_WARN_NON_LITERAL_NULL_CONVERSION = YES;
				CLANG_WARN_OBJC_IMPLICIT_RETAIN_SELF = YES;
				CLANG_WARN_OBJC_LITERAL_CONVERSION = YES;
				CLANG_WARN_OBJC_ROOT_CLASS = YES_ERROR;
				CLANG_WARN_QUOTED_INCLUDE_IN_FRAMEWORK_HEADER = YES;
				CLANG_WARN_RANGE_LOOP_ANALYSIS = YES;
				CLANG_WARN_STRICT_PROTOTYPES = YES;
				CLANG_WARN_SUSPICIOUS_MOVE = YES;
				CLANG_WARN_UNGUARDED_AVAILABILITY = YES_AGGRESSIVE;
				CLANG_WARN_UNREACHABLE_CODE = YES;
				CLANG_WARN__DUPLICATE_METHOD_MATCH = YES;
				COPY_PHASE_STRIP = NO;
				DEBUG_INFORMATION_FORMAT = dwarf;
				ENABLE_STRICT_OBJC_MSGSEND = YES;
				ENABLE_TESTABILITY = YES;
				ENABLE_USER_SCRIPT_SANDBOXING = YES;
				GCC_C_LANGUAGE_STANDARD = gnu17;
				GCC_DYNAMIC_NO_PIC = NO;
				GCC_NO_COMMON_BLOCKS = YES;
				GCC_OPTIMIZATION_LEVEL = 0;
				GCC_PREPROCESSOR_DEFINITIONS = (
					"DEBUG=1",
					"$(inherited)",
				);
				GCC_WARN_64_TO_32_BIT_CONVERSION = YES;
				GCC_WARN_ABOUT_RETURN_TYPE = YES_ERROR;
				GCC_WARN_UNDECLARED_SELECTOR = YES;
				GCC_WARN_UNINITIALIZED_AUTOS = YES_AGGRESSIVE;
				GCC_WARN_UNUSED_FUNCTION = YES;
				GCC_WARN_UNUSED_VARIABLE = YES;
				LOCALIZATION_PREFERS_STRING_CATALOGS = YES;
				MACOSX_DEPLOYMENT_TARGET = 15.0;
				MTL_ENABLE_DEBUG_INFO = INCLUDE_SOURCE;
				MTL_FAST_MATH = YES;
				ONLY_ACTIVE_ARCH = YES;
				SDKROOT = macosx;
			};
			name = Debug;
		};
		DAEBCAF32C610F2F004B2265 /* Release */ = {
			isa = XCBuildConfiguration;
			buildSettings = {
				ALWAYS_SEARCH_USER_PATHS = NO;
				ASSETCATALOG_COMPILER_GENERATE_SWIFT_ASSET_SYMBOL_EXTENSIONS = YES;
				CLANG_ANALYZER_NONNULL = YES;
				CLANG_ANALYZER_NUMBER_OBJECT_CONVERSION = YES_AGGRESSIVE;
				CLANG_CXX_LANGUAGE_STANDARD = "gnu++20";
				CLANG_ENABLE_MODULES = YES;
				CLANG_ENABLE_OBJC_ARC = YES;
				CLANG_ENABLE_OBJC_WEAK = YES;
				CLANG_WARN_BLOCK_CAPTURE_AUTORELEASING = YES;
				CLANG_WARN_BOOL_CONVERSION = YES;
				CLANG_WARN_COMMA = YES;
				CLANG_WARN_CONSTANT_CONVERSION = YES;
				CLANG_WARN_DEPRECATED_OBJC_IMPLEMENTATIONS = YES;
				CLANG_WARN_DIRECT_OBJC_ISA_USAGE = YES_ERROR;
				CLANG_WARN_DOCUMENTATION_COMMENTS = YES;
				CLANG_WARN_EMPTY_BODY = YES;
				CLANG_WARN_ENUM_CONVERSION = YES;
				CLANG_WARN_INFINITE_RECURSION = YES;
				CLANG_WARN_INT_CONVERSION = YES;
				CLANG_WARN_NON_LITERAL_NULL_CONVERSION = YES;
				CLANG_WARN_OBJC_IMPLICIT_RETAIN_SELF = YES;
				CLANG_WARN_OBJC_LITERAL_CONVERSION = YES;
				CLANG_WARN_OBJC_ROOT_CLASS = YES_ERROR;
				CLANG_WARN_QUOTED_INCLUDE_IN_FRAMEWORK_HEADER = YES;
				CLANG_WARN_RANGE_LOOP_ANALYSIS = YES;
				CLANG_WARN_STRICT_PROTOTYPES = YES;
				CLANG_WARN_SUSPICIOUS_MOVE = YES;
				CLANG_WARN_UNGUARDED_AVAILABILITY = YES_AGGRESSIVE;
				CLANG_WARN_UNREACHABLE_CODE = YES;
				CLANG_WARN__DUPLICATE_METHOD_MATCH = YES;
				COPY_PHASE_STRIP = NO;
				DEBUG_INFORMATION_FORMAT = "dwarf-with-dsym";
				ENABLE_NS_ASSERTIONS = NO;
				ENABLE_STRICT_OBJC_MSGSEND = YES;
				ENABLE_USER_SCRIPT_SANDBOXING = YES;
				GCC_C_LANGUAGE_STANDARD = gnu17;
				GCC_NO_COMMON_BLOCKS = YES;
				GCC_WARN_64_TO_32_BIT_CONVERSION = YES;
				GCC_WARN_ABOUT_RETURN_TYPE = YES_ERROR;
				GCC_WARN_UNDECLARED_SELECTOR = YES;
				GCC_WARN_UNINITIALIZED_AUTOS = YES_AGGRESSIVE;
				GCC_WARN_UNUSED_FUNCTION = YES;
				GCC_WARN_UNUSED_VARIABLE = YES;
				LOCALIZATION_PREFERS_STRING_CATALOGS = YES;
				MACOSX_DEPLOYMENT_TARGET = 15.0;
				MTL_ENABLE_DEBUG_INFO = NO;
				MTL_FAST_MATH = YES;
				SDKROOT = macosx;
			};
			name = Release;
		};
		DAEBCAF52C610F2F004B2265 /* Debug */ = {
			isa = XCBuildConfiguration;
			buildSettings = {
				CODE_SIGN_STYLE = Automatic;
				DEVELOPMENT_TEAM = "";
				MACOSX_DEPLOYMENT_TARGET = 15.0;
				PRODUCT_BUNDLE_IDENTIFIER = com.danilkorotenko.certificateUtility;
				PRODUCT_NAME = "$(TARGET_NAME)";
			};
			name = Debug;
		};
		DAEBCAF62C610F2F004B2265 /* Release */ = {
			isa = XCBuildConfiguration;
			buildSettings = {
				CODE_SIGN_STYLE = Automatic;
				DEVELOPMENT_TEAM = "";
				MACOSX_DEPLOYMENT_TARGET = 15.0;
				PRODUCT_BUNDLE_IDENTIFIER = com.danilkorotenko.certificateUtility;
				PRODUCT_NAME = "$(TARGET_NAME)";
			};
			name = Release;
		};
/* End XCBuildConfiguration section */

/* Begin XCConfigurationList section */
		DA0562282C6A12820024083A /* Build configuration list for PBXNativeTarget "keychainInfo" */ = {
			isa = XCConfigurationList;
			buildConfigurations = (
				DA0562292C6A12820024083A /* Debug */,
				DA05622A2C6A12820024083A /* Release */,
			);
			defaultConfigurationIsVisible = 0;
			defaultConfigurationName = Release;
		};
		DA05622D2C6A14A90024083A /* Build configuration list for PBXAggregateTarget "BuildAll" */ = {
			isa = XCConfigurationList;
			buildConfigurations = (
				DA05622E2C6A14A90024083A /* Debug */,
				DA05622F2C6A14A90024083A /* Release */,
			);
			defaultConfigurationIsVisible = 0;
			defaultConfigurationName = Release;
		};
		DAEBCAE82C610F2F004B2265 /* Build configuration list for PBXProject "certificateUtility" */ = {
			isa = XCConfigurationList;
			buildConfigurations = (
				DAEBCAF22C610F2F004B2265 /* Debug */,
				DAEBCAF32C610F2F004B2265 /* Release */,
			);
			defaultConfigurationIsVisible = 0;
			defaultConfigurationName = Release;
		};
		DAEBCAF42C610F2F004B2265 /* Build configuration list for PBXNativeTarget "certificateUtility" */ = {
			isa = XCConfigurationList;
			buildConfigurations = (
				DAEBCAF52C610F2F004B2265 /* Debug */,
				DAEBCAF62C610F2F004B2265 /* Release */,
			);
			defaultConfigurationIsVisible = 0;
			defaultConfigurationName = Release;
		};
/* End XCConfigurationList section */
	};
	rootObject = DAEBCAE52C610F2F004B2265 /* Project object */;
}
