// !$*UTF8*$!
{
	archiveVersion = 1;
	classes = {
	};
	objectVersion = 60;
	objects = {

/* Begin PBXBuildFile section */
		DACA46E62C637DDF0005B1EB /* createTrustAdminUser.sh in CopyFiles */ = {isa = PBXBuildFile; fileRef = DACA46E42C637AF80005B1EB /* createTrustAdminUser.sh */; };
		DACA46E72C637DDF0005B1EB /* deleteTrustAdminUser.sh in CopyFiles */ = {isa = PBXBuildFile; fileRef = DACA46E52C637AF80005B1EB /* deleteTrustAdminUser.sh */; };
		DAEB691B2C62448A004B2265 /* main.m in Sources */ = {isa = PBXBuildFile; fileRef = DAEB69192C62448A004B2265 /* main.m */; };
		DAEB691D2C62478B004B2265 /* testCertificate.der in CopyFiles */ = {isa = PBXBuildFile; fileRef = DAEB691C2C624760004B2265 /* testCertificate.der */; };
/* End PBXBuildFile section */

/* Begin PBXCopyFilesBuildPhase section */
		DAEBCAEB2C610F2F004B2265 /* CopyFiles */ = {
			isa = PBXCopyFilesBuildPhase;
			buildActionMask = 12;
			dstPath = "";
			dstSubfolderSpec = 16;
			files = (
				DACA46E62C637DDF0005B1EB /* createTrustAdminUser.sh in CopyFiles */,
				DACA46E72C637DDF0005B1EB /* deleteTrustAdminUser.sh in CopyFiles */,
				DAEB691D2C62478B004B2265 /* testCertificate.der in CopyFiles */,
			);
			runOnlyForDeploymentPostprocessing = 0;
		};
/* End PBXCopyFilesBuildPhase section */

/* Begin PBXFileReference section */
		DACA46E42C637AF80005B1EB /* createTrustAdminUser.sh */ = {isa = PBXFileReference; lastKnownFileType = text.script.sh; path = createTrustAdminUser.sh; sourceTree = "<group>"; };
		DACA46E52C637AF80005B1EB /* deleteTrustAdminUser.sh */ = {isa = PBXFileReference; lastKnownFileType = text.script.sh; path = deleteTrustAdminUser.sh; sourceTree = "<group>"; };
		DAEB69192C62448A004B2265 /* main.m */ = {isa = PBXFileReference; lastKnownFileType = sourcecode.c.objc; path = main.m; sourceTree = "<group>"; };
		DAEB691C2C624760004B2265 /* testCertificate.der */ = {isa = PBXFileReference; lastKnownFileType = file; path = testCertificate.der; sourceTree = "<group>"; };
		DAEBCAED2C610F2F004B2265 /* certificateUtility */ = {isa = PBXFileReference; explicitFileType = "compiled.mach-o.executable"; includeInIndex = 0; path = certificateUtility; sourceTree = BUILT_PRODUCTS_DIR; };
/* End PBXFileReference section */

/* Begin PBXFrameworksBuildPhase section */
		DAEBCAEA2C610F2F004B2265 /* Frameworks */ = {
			isa = PBXFrameworksBuildPhase;
			buildActionMask = 2147483647;
			files = (
			);
			runOnlyForDeploymentPostprocessing = 0;
		};
/* End PBXFrameworksBuildPhase section */

/* Begin PBXGroup section */
		DAEB691A2C62448A004B2265 /* certificateUtility */ = {
			isa = PBXGroup;
			children = (
				DACA46E42C637AF80005B1EB /* createTrustAdminUser.sh */,
				DACA46E52C637AF80005B1EB /* deleteTrustAdminUser.sh */,
				DAEB69192C62448A004B2265 /* main.m */,
			);
			path = certificateUtility;
			sourceTree = "<group>";
		};
		DAEBCAE42C610F2F004B2265 = {
			isa = PBXGroup;
			children = (
				DAEB691C2C624760004B2265 /* testCertificate.der */,
				DAEB691A2C62448A004B2265 /* certificateUtility */,
				DAEBCAEE2C610F2F004B2265 /* Products */,
			);
			sourceTree = "<group>";
		};
		DAEBCAEE2C610F2F004B2265 /* Products */ = {
			isa = PBXGroup;
			children = (
				DAEBCAED2C610F2F004B2265 /* certificateUtility */,
			);
			name = Products;
			sourceTree = "<group>";
		};
/* End PBXGroup section */

/* Begin PBXNativeTarget section */
		DAEBCAEC2C610F2F004B2265 /* certificateUtility */ = {
			isa = PBXNativeTarget;
			buildConfigurationList = DAEBCAF42C610F2F004B2265 /* Build configuration list for PBXNativeTarget "certificateUtility" */;
			buildPhases = (
				DAEBCAE92C610F2F004B2265 /* Sources */,
				DAEBCAEA2C610F2F004B2265 /* Frameworks */,
				DAEBCAEB2C610F2F004B2265 /* CopyFiles */,
			);
			buildRules = (
			);
			dependencies = (
			);
			name = certificateUtility;
			packageProductDependencies = (
			);
			productName = certificateUtility;
			productReference = DAEBCAED2C610F2F004B2265 /* certificateUtility */;
			productType = "com.apple.product-type.tool";
		};
/* End PBXNativeTarget section */

/* Begin PBXProject section */
		DAEBCAE52C610F2F004B2265 /* Project object */ = {
			isa = PBXProject;
			attributes = {
				BuildIndependentTargetsInParallel = 1;
				LastUpgradeCheck = 1600;
				TargetAttributes = {
					DAEBCAEC2C610F2F004B2265 = {
						CreatedOnToolsVersion = 16.0;
					};
				};
			};
			buildConfigurationList = DAEBCAE82C610F2F004B2265 /* Build configuration list for PBXProject "certificateUtility" */;
			compatibilityVersion = "Xcode 15.0";
			developmentRegion = en;
			hasScannedForEncodings = 0;
			knownRegions = (
				en,
				Base,
			);
			mainGroup = DAEBCAE42C610F2F004B2265;
			productRefGroup = DAEBCAEE2C610F2F004B2265 /* Products */;
			projectDirPath = "";
			projectRoot = "";
			targets = (
				DAEBCAEC2C610F2F004B2265 /* certificateUtility */,
			);
		};
/* End PBXProject section */

/* Begin PBXSourcesBuildPhase section */
		DAEBCAE92C610F2F004B2265 /* Sources */ = {
			isa = PBXSourcesBuildPhase;
			buildActionMask = 2147483647;
			files = (
				DAEB691B2C62448A004B2265 /* main.m in Sources */,
			);
			runOnlyForDeploymentPostprocessing = 0;
		};
/* End PBXSourcesBuildPhase section */

/* Begin XCBuildConfiguration section */
		DAEBCAF22C610F2F004B2265 /* Debug */ = {
			isa = XCBuildConfiguration;
			buildSettings = {
				ALWAYS_SEARCH_USER_PATHS = NO;
				ASSETCATALOG_COMPILER_GENERATE_SWIFT_ASSET_SYMBOL_EXTENSIONS = YES;
				CLANG_ANALYZER_NONNULL = YES;
				CLANG_ANALYZER_NUMBER_OBJECT_CONVERSION = YES_AGGRESSIVE;
				CLANG_CXX_LANGUAGE_STANDARD = "gnu++20";
				CLANG_ENABLE_MODULES = YES;
				CLANG_ENABLE_OBJC_ARC = YES;
				CLANG_ENABLE_OBJC_WEAK = YES;
				CLANG_WARN_BLOCK_CAPTURE_AUTORELEASING = YES;
				CLANG_WARN_BOOL_CONVERSION = YES;
				CLANG_WARN_COMMA = YES;
				CLANG_WARN_CONSTANT_CONVERSION = YES;
				CLANG_WARN_DEPRECATED_OBJC_IMPLEMENTATIONS = YES;
				CLANG_WARN_DIRECT_OBJC_ISA_USAGE = YES_ERROR;
				CLANG_WARN_DOCUMENTATION_COMMENTS = YES;
				CLANG_WARN_EMPTY_BODY = YES;
				CLANG_WARN_ENUM_CONVERSION = YES;
				CLANG_WARN_INFINITE_RECURSION = YES;
				CLANG_WARN_INT_CONVERSION = YES;
				CLANG_WARN_NON_LITERAL_NULL_CONVERSION = YES;
				CLANG_WARN_OBJC_IMPLICIT_RETAIN_SELF = YES;
				CLANG_WARN_OBJC_LITERAL_CONVERSION = YES;
				CLANG_WARN_OBJC_ROOT_CLASS = YES_ERROR;
				CLANG_WARN_QUOTED_INCLUDE_IN_FRAMEWORK_HEADER = YES;
				CLANG_WARN_RANGE_LOOP_ANALYSIS = YES;
				CLANG_WARN_STRICT_PROTOTYPES = YES;
				CLANG_WARN_SUSPICIOUS_MOVE = YES;
				CLANG_WARN_UNGUARDED_AVAILABILITY = YES_AGGRESSIVE;
				CLANG_WARN_UNREACHABLE_CODE = YES;
				CLANG_WARN__DUPLICATE_METHOD_MATCH = YES;
				COPY_PHASE_STRIP = NO;
				DEBUG_INFORMATION_FORMAT = dwarf;
				ENABLE_STRICT_OBJC_MSGSEND = YES;
				ENABLE_TESTABILITY = YES;
				ENABLE_USER_SCRIPT_SANDBOXING = YES;
				GCC_C_LANGUAGE_STANDARD = gnu17;
				GCC_DYNAMIC_NO_PIC = NO;
				GCC_NO_COMMON_BLOCKS = YES;
				GCC_OPTIMIZATION_LEVEL = 0;
				GCC_PREPROCESSOR_DEFINITIONS = (
					"DEBUG=1",
					"$(inherited)",
				);
				GCC_WARN_64_TO_32_BIT_CONVERSION = YES;
				GCC_WARN_ABOUT_RETURN_TYPE = YES_ERROR;
				GCC_WARN_UNDECLARED_SELECTOR = YES;
				GCC_WARN_UNINITIALIZED_AUTOS = YES_AGGRESSIVE;
				GCC_WARN_UNUSED_FUNCTION = YES;
				GCC_WARN_UNUSED_VARIABLE = YES;
				LOCALIZATION_PREFERS_STRING_CATALOGS = YES;
				MACOSX_DEPLOYMENT_TARGET = 15.0;
				MTL_ENABLE_DEBUG_INFO = INCLUDE_SOURCE;
				MTL_FAST_MATH = YES;
				ONLY_ACTIVE_ARCH = YES;
				SDKROOT = macosx;
			};
			name = Debug;
		};
		DAEBCAF32C610F2F004B2265 /* Release */ = {
			isa = XCBuildConfiguration;
			buildSettings = {
				ALWAYS_SEARCH_USER_PATHS = NO;
				ASSETCATALOG_COMPILER_GENERATE_SWIFT_ASSET_SYMBOL_EXTENSIONS = YES;
				CLANG_ANALYZER_NONNULL = YES;
				CLANG_ANALYZER_NUMBER_OBJECT_CONVERSION = YES_AGGRESSIVE;
				CLANG_CXX_LANGUAGE_STANDARD = "gnu++20";
				CLANG_ENABLE_MODULES = YES;
				CLANG_ENABLE_OBJC_ARC = YES;
				CLANG_ENABLE_OBJC_WEAK = YES;
				CLANG_WARN_BLOCK_CAPTURE_AUTORELEASING = YES;
				CLANG_WARN_BOOL_CONVERSION = YES;
				CLANG_WARN_COMMA = YES;
				CLANG_WARN_CONSTANT_CONVERSION = YES;
				CLANG_WARN_DEPRECATED_OBJC_IMPLEMENTATIONS = YES;
				CLANG_WARN_DIRECT_OBJC_ISA_USAGE = YES_ERROR;
				CLANG_WARN_DOCUMENTATION_COMMENTS = YES;
				CLANG_WARN_EMPTY_BODY = YES;
				CLANG_WARN_ENUM_CONVERSION = YES;
				CLANG_WARN_INFINITE_RECURSION = YES;
				CLANG_WARN_INT_CONVERSION = YES;
				CLANG_WARN_NON_LITERAL_NULL_CONVERSION = YES;
				CLANG_WARN_OBJC_IMPLICIT_RETAIN_SELF = YES;
				CLANG_WARN_OBJC_LITERAL_CONVERSION = YES;
				CLANG_WARN_OBJC_ROOT_CLASS = YES_ERROR;
				CLANG_WARN_QUOTED_INCLUDE_IN_FRAMEWORK_HEADER = YES;
				CLANG_WARN_RANGE_LOOP_ANALYSIS = YES;
				CLANG_WARN_STRICT_PROTOTYPES = YES;
				CLANG_WARN_SUSPICIOUS_MOVE = YES;
				CLANG_WARN_UNGUARDED_AVAILABILITY = YES_AGGRESSIVE;
				CLANG_WARN_UNREACHABLE_CODE = YES;
				CLANG_WARN__DUPLICATE_METHOD_MATCH = YES;
				COPY_PHASE_STRIP = NO;
				DEBUG_INFORMATION_FORMAT = "dwarf-with-dsym";
				ENABLE_NS_ASSERTIONS = NO;
				ENABLE_STRICT_OBJC_MSGSEND = YES;
				ENABLE_USER_SCRIPT_SANDBOXING = YES;
				GCC_C_LANGUAGE_STANDARD = gnu17;
				GCC_NO_COMMON_BLOCKS = YES;
				GCC_WARN_64_TO_32_BIT_CONVERSION = YES;
				GCC_WARN_ABOUT_RETURN_TYPE = YES_ERROR;
				GCC_WARN_UNDECLARED_SELECTOR = YES;
				GCC_WARN_UNINITIALIZED_AUTOS = YES_AGGRESSIVE;
				GCC_WARN_UNUSED_FUNCTION = YES;
				GCC_WARN_UNUSED_VARIABLE = YES;
				LOCALIZATION_PREFERS_STRING_CATALOGS = YES;
				MACOSX_DEPLOYMENT_TARGET = 15.0;
				MTL_ENABLE_DEBUG_INFO = NO;
				MTL_FAST_MATH = YES;
				SDKROOT = macosx;
			};
			name = Release;
		};
		DAEBCAF52C610F2F004B2265 /* Debug */ = {
			isa = XCBuildConfiguration;
			buildSettings = {
				CODE_SIGN_STYLE = Automatic;
				DEVELOPMENT_TEAM = "";
				MACOSX_DEPLOYMENT_TARGET = 15.0;
				PRODUCT_BUNDLE_IDENTIFIER = com.danilkorotenko.certificateUtility;
				PRODUCT_NAME = "$(TARGET_NAME)";
			};
			name = Debug;
		};
		DAEBCAF62C610F2F004B2265 /* Release */ = {
			isa = XCBuildConfiguration;
			buildSettings = {
				CODE_SIGN_STYLE = Automatic;
				DEVELOPMENT_TEAM = "";
				MACOSX_DEPLOYMENT_TARGET = 15.0;
				PRODUCT_BUNDLE_IDENTIFIER = com.danilkorotenko.certificateUtility;
				PRODUCT_NAME = "$(TARGET_NAME)";
			};
			name = Release;
		};
/* End XCBuildConfiguration section */

/* Begin XCConfigurationList section */
		DAEBCAE82C610F2F004B2265 /* Build configuration list for PBXProject "certificateUtility" */ = {
			isa = XCConfigurationList;
			buildConfigurations = (
				DAEBCAF22C610F2F004B2265 /* Debug */,
				DAEBCAF32C610F2F004B2265 /* Release */,
			);
			defaultConfigurationIsVisible = 0;
			defaultConfigurationName = Release;
		};
		DAEBCAF42C610F2F004B2265 /* Build configuration list for PBXNativeTarget "certificateUtility" */ = {
			isa = XCConfigurationList;
			buildConfigurations = (
				DAEBCAF52C610F2F004B2265 /* Debug */,
				DAEBCAF62C610F2F004B2265 /* Release */,
			);
			defaultConfigurationIsVisible = 0;
			defaultConfigurationName = Release;
		};
/* End XCConfigurationList section */
	};
	rootObject = DAEBCAE52C610F2F004B2265 /* Project object */;
}
